
Microsoft Visual Studio Solution File, Format Version 12.00
# Visual Studio 2013
VisualStudioVersion = 12.0.40629.0
MinimumVisualStudioVersion = 10.0.40219.1
Project("{FAE04EC0-301F-11D3-BF4B-00C04F79EFBC}") = "AplicacionWeb", "AplicacionWeb\AplicacionWeb.csproj", "{6306CCA7-D487-4AF4-8A4C-776F2085CE6A}"
EndProject
Project("{FAE04EC0-301F-11D3-BF4B-00C04F79EFBC}") = "BibliotecaClass", "BibliotecaClass\BibliotecaClass.csproj", "{4D31BE98-D6DA-4403-A3DA-C6EDAD1AA1CE}"
EndProject
Global
	GlobalSection(SolutionConfigurationPlatforms) = preSolution
		Debug|Any CPU = Debug|Any CPU
		Release|Any CPU = Release|Any CPU
	EndGlobalSection
	GlobalSection(ProjectConfigurationPlatforms) = postSolution
		{6306CCA7-D487-4AF4-8A4C-776F2085CE6A}.Debug|Any CPU.ActiveCfg = Debug|Any CPU
		{6306CCA7-D487-4AF4-8A4C-776F2085CE6A}.Debug|Any CPU.Build.0 = Debug|Any CPU
		{6306CCA7-D487-4AF4-8A4C-776F2085CE6A}.Release|Any CPU.ActiveCfg = Release|Any CPU
		{6306CCA7-D487-4AF4-8A4C-776F2085CE6A}.Release|Any CPU.Build.0 = Release|Any CPU
		{4D31BE98-D6DA-4403-A3DA-C6EDAD1AA1CE}.Debug|Any CPU.ActiveCfg = Debug|Any CPU
		{4D31BE98-D6DA-4403-A3DA-C6EDAD1AA1CE}.Debug|Any CPU.Build.0 = Debug|Any CPU
		{4D31BE98-D6DA-4403-A3DA-C6EDAD1AA1CE}.Release|Any CPU.ActiveCfg = Release|Any CPU
		{4D31BE98-D6DA-4403-A3DA-C6EDAD1AA1CE}.Release|Any CPU.Build.0 = Release|Any CPU
	EndGlobalSection
	GlobalSection(SolutionProperties) = preSolution
		HideSolutionNode = FALSE
	EndGlobalSection
EndGlobal
